
Microsoft Visual Studio Solution File, Format Version 12.00
# Visual Studio Version 17
VisualStudioVersion = 17.7.34018.315
MinimumVisualStudioVersion = 10.0.40219.1
Project("{FAE04EC0-301F-11D3-BF4B-00C04F79EFBC}") = "LinkedListProgram", "LinkedListProgram\LinkedListProgram.csproj", "{05E1DADD-9C7B-4847-A52B-F41BC28F6579}"
EndProject
Project("{9A19103F-16F7-4668-BE54-9A1E7A4F7556}") = "TestIntegerLinkedList", "TestIntList\TestIntegerLinkedList.csproj", "{ED1533F8-B044-478E-87FB-4EE23D253C71}"
EndProject
Global
	GlobalSection(SolutionConfigurationPlatforms) = preSolution
		Debug|Any CPU = Debug|Any CPU
		Release|Any CPU = Release|Any CPU
	EndGlobalSection
	GlobalSection(ProjectConfigurationPlatforms) = postSolution
		{05E1DADD-9C7B-4847-A52B-F41BC28F6579}.Debug|Any CPU.ActiveCfg = Debug|Any CPU
		{05E1DADD-9C7B-4847-A52B-F41BC28F6579}.Debug|Any CPU.Build.0 = Debug|Any CPU
		{05E1DADD-9C7B-4847-A52B-F41BC28F6579}.Release|Any CPU.ActiveCfg = Release|Any CPU
		{05E1DADD-9C7B-4847-A52B-F41BC28F6579}.Release|Any CPU.Build.0 = Release|Any CPU
		{ED1533F8-B044-478E-87FB-4EE23D253C71}.Debug|Any CPU.ActiveCfg = Debug|Any CPU
		{ED1533F8-B044-478E-87FB-4EE23D253C71}.Debug|Any CPU.Build.0 = Debug|Any CPU
		{ED1533F8-B044-478E-87FB-4EE23D253C71}.Release|Any CPU.ActiveCfg = Release|Any CPU
		{ED1533F8-B044-478E-87FB-4EE23D253C71}.Release|Any CPU.Build.0 = Release|Any CPU
	EndGlobalSection
	GlobalSection(SolutionProperties) = preSolution
		HideSolutionNode = FALSE
	EndGlobalSection
	GlobalSection(ExtensibilityGlobals) = postSolution
		SolutionGuid = {49016364-06E3-4937-8FF5-6E6BD38E7803}
	EndGlobalSection
EndGlobal
